// !$*UTF8*$!
{
	archiveVersion = 1;
	classes = {
	};
	objectVersion = 56;
	objects = {

/* Begin PBXBuildFile section */
		5D01AF3F2B92A2F600A4CE4E /* FirstView.swift in Sources */ = {isa = PBXBuildFile; fileRef = 5D01AF3E2B92A2F600A4CE4E /* FirstView.swift */; };
		5DC80E472B91FE65009F4956 /* CureScoliosisApp.swift in Sources */ = {isa = PBXBuildFile; fileRef = 5DC80E462B91FE65009F4956 /* CureScoliosisApp.swift */; };
		5DC80E492B91FE65009F4956 /* ContentView.swift in Sources */ = {isa = PBXBuildFile; fileRef = 5DC80E482B91FE65009F4956 /* ContentView.swift */; };
		5DC80E4B2B91FE6D009F4956 /* Assets.xcassets in Resources */ = {isa = PBXBuildFile; fileRef = 5DC80E4A2B91FE6D009F4956 /* Assets.xcassets */; };
		5DC80E4E2B91FE6D009F4956 /* Preview Assets.xcassets in Resources */ = {isa = PBXBuildFile; fileRef = 5DC80E4D2B91FE6D009F4956 /* Preview Assets.xcassets */; };
		5DC80E5A2B91FFFC009F4956 /* HelpCommands.swift in Sources */ = {isa = PBXBuildFile; fileRef = 5DC80E592B91FFFC009F4956 /* HelpCommands.swift */; };
/* End PBXBuildFile section */

/* Begin PBXFileReference section */
		5D01AF3E2B92A2F600A4CE4E /* FirstView.swift */ = {isa = PBXFileReference; lastKnownFileType = sourcecode.swift; path = FirstView.swift; sourceTree = "<group>"; };
		5DC80E432B91FE65009F4956 /* CureScoliosis.app */ = {isa = PBXFileReference; explicitFileType = wrapper.application; includeInIndex = 0; path = CureScoliosis.app; sourceTree = BUILT_PRODUCTS_DIR; };
		5DC80E462B91FE65009F4956 /* CureScoliosisApp.swift */ = {isa = PBXFileReference; lastKnownFileType = sourcecode.swift; path = CureScoliosisApp.swift; sourceTree = "<group>"; };
		5DC80E482B91FE65009F4956 /* ContentView.swift */ = {isa = PBXFileReference; lastKnownFileType = sourcecode.swift; path = ContentView.swift; sourceTree = "<group>"; };
		5DC80E4A2B91FE6D009F4956 /* Assets.xcassets */ = {isa = PBXFileReference; lastKnownFileType = folder.assetcatalog; path = Assets.xcassets; sourceTree = "<group>"; };
		5DC80E4D2B91FE6D009F4956 /* Preview Assets.xcassets */ = {isa = PBXFileReference; lastKnownFileType = folder.assetcatalog; path = "Preview Assets.xcassets"; sourceTree = "<group>"; };
		5DC80E4F2B91FE6D009F4956 /* CureScoliosis.entitlements */ = {isa = PBXFileReference; lastKnownFileType = text.plist.entitlements; path = CureScoliosis.entitlements; sourceTree = "<group>"; };
		5DC80E592B91FFFC009F4956 /* HelpCommands.swift */ = {isa = PBXFileReference; lastKnownFileType = sourcecode.swift; path = HelpCommands.swift; sourceTree = "<group>"; };
		5DC80E5B2B920029009F4956 /* Info.plist */ = {isa = PBXFileReference; lastKnownFileType = text.plist; path = Info.plist; sourceTree = "<group>"; };
/* End PBXFileReference section */

/* Begin PBXFrameworksBuildPhase section */
		5DC80E402B91FE65009F4956 /* Frameworks */ = {
			isa = PBXFrameworksBuildPhase;
			buildActionMask = 2147483647;
			files = (
			);
			runOnlyForDeploymentPostprocessing = 0;
		};
/* End PBXFrameworksBuildPhase section */

/* Begin PBXGroup section */
		5DC80E3A2B91FE65009F4956 = {
			isa = PBXGroup;
			children = (
				5DC80E452B91FE65009F4956 /* CureScoliosis */,
				5DC80E442B91FE65009F4956 /* Products */,
			);
			sourceTree = "<group>";
		};
		5DC80E442B91FE65009F4956 /* Products */ = {
			isa = PBXGroup;
			children = (
				5DC80E432B91FE65009F4956 /* CureScoliosis.app */,
			);
			name = Products;
			sourceTree = "<group>";
		};
		5DC80E452B91FE65009F4956 /* CureScoliosis */ = {
			isa = PBXGroup;
			children = (
				5DC80E462B91FE65009F4956 /* CureScoliosisApp.swift */,
				5DC80E482B91FE65009F4956 /* ContentView.swift */,
				5DC80E572B91FFD5009F4956 /* Views */,
				5DC80E582B91FFDB009F4956 /* Commands */,
				5DC80E4A2B91FE6D009F4956 /* Assets.xcassets */,
				5DC80E5B2B920029009F4956 /* Info.plist */,
				5DC80E4F2B91FE6D009F4956 /* CureScoliosis.entitlements */,
				5DC80E4C2B91FE6D009F4956 /* Preview Content */,
			);
			path = CureScoliosis;
			sourceTree = "<group>";
		};
		5DC80E4C2B91FE6D009F4956 /* Preview Content */ = {
			isa = PBXGroup;
			children = (
				5DC80E4D2B91FE6D009F4956 /* Preview Assets.xcassets */,
			);
			path = "Preview Content";
			sourceTree = "<group>";
		};
		5DC80E572B91FFD5009F4956 /* Views */ = {
			isa = PBXGroup;
			children = (
				5D01AF3E2B92A2F600A4CE4E /* FirstView.swift */,
			);
			path = Views;
			sourceTree = "<group>";
		};
		5DC80E582B91FFDB009F4956 /* Commands */ = {
			isa = PBXGroup;
			children = (
				5DC80E592B91FFFC009F4956 /* HelpCommands.swift */,
			);
			path = Commands;
			sourceTree = "<group>";
		};
/* End PBXGroup section */

/* Begin PBXNativeTarget section */
		5DC80E422B91FE65009F4956 /* CureScoliosis */ = {
			isa = PBXNativeTarget;
			buildConfigurationList = 5DC80E522B91FE6D009F4956 /* Build configuration list for PBXNativeTarget "CureScoliosis" */;
			buildPhases = (
				5DC80E3F2B91FE65009F4956 /* Sources */,
				5DC80E402B91FE65009F4956 /* Frameworks */,
				5DC80E412B91FE65009F4956 /* Resources */,
			);
			buildRules = (
			);
			dependencies = (
			);
			name = CureScoliosis;
			productName = CureScoliosis;
			productReference = 5DC80E432B91FE65009F4956 /* CureScoliosis.app */;
			productType = "com.apple.product-type.application";
		};
/* End PBXNativeTarget section */

/* Begin PBXProject section */
		5DC80E3B2B91FE65009F4956 /* Project object */ = {
			isa = PBXProject;
			attributes = {
				BuildIndependentTargetsInParallel = 1;
				LastSwiftUpdateCheck = 1420;
				LastUpgradeCheck = 1420;
				TargetAttributes = {
					5DC80E422B91FE65009F4956 = {
						CreatedOnToolsVersion = 14.2;
					};
				};
			};
			buildConfigurationList = 5DC80E3E2B91FE65009F4956 /* Build configuration list for PBXProject "CureScoliosis" */;
			compatibilityVersion = "Xcode 14.0";
			developmentRegion = en;
			hasScannedForEncodings = 0;
			knownRegions = (
				en,
				Base,
				"zh-Hans",
			);
			mainGroup = 5DC80E3A2B91FE65009F4956;
			productRefGroup = 5DC80E442B91FE65009F4956 /* Products */;
			projectDirPath = "";
			projectRoot = "";
			targets = (
				5DC80E422B91FE65009F4956 /* CureScoliosis */,
			);
		};
/* End PBXProject section */

/* Begin PBXResourcesBuildPhase section */
		5DC80E412B91FE65009F4956 /* Resources */ = {
			isa = PBXResourcesBuildPhase;
			buildActionMask = 2147483647;
			files = (
				5DC80E4E2B91FE6D009F4956 /* Preview Assets.xcassets in Resources */,
				5DC80E4B2B91FE6D009F4956 /* Assets.xcassets in Resources */,
			);
			runOnlyForDeploymentPostprocessing = 0;
		};
/* End PBXResourcesBuildPhase section */

/* Begin PBXSourcesBuildPhase section */
		5DC80E3F2B91FE65009F4956 /* Sources */ = {
			isa = PBXSourcesBuildPhase;
			buildActionMask = 2147483647;
			files = (
				5DC80E5A2B91FFFC009F4956 /* HelpCommands.swift in Sources */,
				5D01AF3F2B92A2F600A4CE4E /* FirstView.swift in Sources */,
				5DC80E492B91FE65009F4956 /* ContentView.swift in Sources */,
				5DC80E472B91FE65009F4956 /* CureScoliosisApp.swift in Sources */,
			);
			runOnlyForDeploymentPostprocessing = 0;
		};
/* End PBXSourcesBuildPhase section */

/* Begin XCBuildConfiguration section */
		5DC80E502B91FE6D009F4956 /* Debug */ = {
			isa = XCBuildConfiguration;
			buildSettings = {
				ALWAYS_SEARCH_USER_PATHS = NO;
				CLANG_ANALYZER_NONNULL = YES;
				CLANG_ANALYZER_NUMBER_OBJECT_CONVERSION = YES_AGGRESSIVE;
				CLANG_CXX_LANGUAGE_STANDARD = "gnu++20";
				CLANG_ENABLE_MODULES = YES;
				CLANG_ENABLE_OBJC_ARC = YES;
				CLANG_ENABLE_OBJC_WEAK = YES;
				CLANG_WARN_BLOCK_CAPTURE_AUTORELEASING = YES;
				CLANG_WARN_BOOL_CONVERSION = YES;
				CLANG_WARN_COMMA = YES;
				CLANG_WARN_CONSTANT_CONVERSION = YES;
				CLANG_WARN_DEPRECATED_OBJC_IMPLEMENTATIONS = YES;
				CLANG_WARN_DIRECT_OBJC_ISA_USAGE = YES_ERROR;
				CLANG_WARN_DOCUMENTATION_COMMENTS = YES;
				CLANG_WARN_EMPTY_BODY = YES;
				CLANG_WARN_ENUM_CONVERSION = YES;
				CLANG_WARN_INFINITE_RECURSION = YES;
				CLANG_WARN_INT_CONVERSION = YES;
				CLANG_WARN_NON_LITERAL_NULL_CONVERSION = YES;
				CLANG_WARN_OBJC_IMPLICIT_RETAIN_SELF = YES;
				CLANG_WARN_OBJC_LITERAL_CONVERSION = YES;
				CLANG_WARN_OBJC_ROOT_CLASS = YES_ERROR;
				CLANG_WARN_QUOTED_INCLUDE_IN_FRAMEWORK_HEADER = YES;
				CLANG_WARN_RANGE_LOOP_ANALYSIS = YES;
				CLANG_WARN_STRICT_PROTOTYPES = YES;
				CLANG_WARN_SUSPICIOUS_MOVE = YES;
				CLANG_WARN_UNGUARDED_AVAILABILITY = YES_AGGRESSIVE;
				CLANG_WARN_UNREACHABLE_CODE = YES;
				CLANG_WARN__DUPLICATE_METHOD_MATCH = YES;
				COPY_PHASE_STRIP = NO;
				DEBUG_INFORMATION_FORMAT = dwarf;
				ENABLE_STRICT_OBJC_MSGSEND = YES;
				ENABLE_TESTABILITY = YES;
				GCC_C_LANGUAGE_STANDARD = gnu11;
				GCC_DYNAMIC_NO_PIC = NO;
				GCC_NO_COMMON_BLOCKS = YES;
				GCC_OPTIMIZATION_LEVEL = 0;
				GCC_PREPROCESSOR_DEFINITIONS = (
					"DEBUG=1",
					"$(inherited)",
				);
				GCC_WARN_64_TO_32_BIT_CONVERSION = YES;
				GCC_WARN_ABOUT_RETURN_TYPE = YES_ERROR;
				GCC_WARN_UNDECLARED_SELECTOR = YES;
				GCC_WARN_UNINITIALIZED_AUTOS = YES_AGGRESSIVE;
				GCC_WARN_UNUSED_FUNCTION = YES;
				GCC_WARN_UNUSED_VARIABLE = YES;
				MACOSX_DEPLOYMENT_TARGET = 12.7;
				MTL_ENABLE_DEBUG_INFO = INCLUDE_SOURCE;
				MTL_FAST_MATH = YES;
				ONLY_ACTIVE_ARCH = YES;
				SDKROOT = macosx;
				SWIFT_ACTIVE_COMPILATION_CONDITIONS = DEBUG;
				SWIFT_OPTIMIZATION_LEVEL = "-Onone";
			};
			name = Debug;
		};
		5DC80E512B91FE6D009F4956 /* Release */ = {
			isa = XCBuildConfiguration;
			buildSettings = {
				ALWAYS_SEARCH_USER_PATHS = NO;
				CLANG_ANALYZER_NONNULL = YES;
				CLANG_ANALYZER_NUMBER_OBJECT_CONVERSION = YES_AGGRESSIVE;
				CLANG_CXX_LANGUAGE_STANDARD = "gnu++20";
				CLANG_ENABLE_MODULES = YES;
				CLANG_ENABLE_OBJC_ARC = YES;
				CLANG_ENABLE_OBJC_WEAK = YES;
				CLANG_WARN_BLOCK_CAPTURE_AUTORELEASING = YES;
				CLANG_WARN_BOOL_CONVERSION = YES;
				CLANG_WARN_COMMA = YES;
				CLANG_WARN_CONSTANT_CONVERSION = YES;
				CLANG_WARN_DEPRECATED_OBJC_IMPLEMENTATIONS = YES;
				CLANG_WARN_DIRECT_OBJC_ISA_USAGE = YES_ERROR;
				CLANG_WARN_DOCUMENTATION_COMMENTS = YES;
				CLANG_WARN_EMPTY_BODY = YES;
				CLANG_WARN_ENUM_CONVERSION = YES;
				CLANG_WARN_INFINITE_RECURSION = YES;
				CLANG_WARN_INT_CONVERSION = YES;
				CLANG_WARN_NON_LITERAL_NULL_CONVERSION = YES;
				CLANG_WARN_OBJC_IMPLICIT_RETAIN_SELF = YES;
				CLANG_WARN_OBJC_LITERAL_CONVERSION = YES;
				CLANG_WARN_OBJC_ROOT_CLASS = YES_ERROR;
				CLANG_WARN_QUOTED_INCLUDE_IN_FRAMEWORK_HEADER = YES;
				CLANG_WARN_RANGE_LOOP_ANALYSIS = YES;
				CLANG_WARN_STRICT_PROTOTYPES = YES;
				CLANG_WARN_SUSPICIOUS_MOVE = YES;
				CLANG_WARN_UNGUARDED_AVAILABILITY = YES_AGGRESSIVE;
				CLANG_WARN_UNREACHABLE_CODE = YES;
				CLANG_WARN__DUPLICATE_METHOD_MATCH = YES;
				COPY_PHASE_STRIP = NO;
				DEBUG_INFORMATION_FORMAT = "dwarf-with-dsym";
				ENABLE_NS_ASSERTIONS = NO;
				ENABLE_STRICT_OBJC_MSGSEND = YES;
				GCC_C_LANGUAGE_STANDARD = gnu11;
				GCC_NO_COMMON_BLOCKS = YES;
				GCC_WARN_64_TO_32_BIT_CONVERSION = YES;
				GCC_WARN_ABOUT_RETURN_TYPE = YES_ERROR;
				GCC_WARN_UNDECLARED_SELECTOR = YES;
				GCC_WARN_UNINITIALIZED_AUTOS = YES_AGGRESSIVE;
				GCC_WARN_UNUSED_FUNCTION = YES;
				GCC_WARN_UNUSED_VARIABLE = YES;
				MACOSX_DEPLOYMENT_TARGET = 12.7;
				MTL_ENABLE_DEBUG_INFO = NO;
				MTL_FAST_MATH = YES;
				SDKROOT = macosx;
				SWIFT_COMPILATION_MODE = wholemodule;
				SWIFT_OPTIMIZATION_LEVEL = "-O";
			};
			name = Release;
		};
		5DC80E532B91FE6D009F4956 /* Debug */ = {
			isa = XCBuildConfiguration;
			buildSettings = {
				ASSETCATALOG_COMPILER_APPICON_NAME = AppIcon;
				ASSETCATALOG_COMPILER_GLOBAL_ACCENT_COLOR_NAME = AccentColor;
				CODE_SIGN_ENTITLEMENTS = CureScoliosis/CureScoliosis.entitlements;
				CODE_SIGN_STYLE = Automatic;
				COMBINE_HIDPI_IMAGES = YES;
				CURRENT_PROJECT_VERSION = 1;
				DEVELOPMENT_ASSET_PATHS = "\"CureScoliosis/Preview Content\"";
				DEVELOPMENT_TEAM = ZGWU626W6D;
				ENABLE_HARDENED_RUNTIME = YES;
				ENABLE_PREVIEWS = YES;
				GENERATE_INFOPLIST_FILE = YES;
				INFOPLIST_FILE = CureScoliosis/Info.plist;
				INFOPLIST_KEY_CFBundleDisplayName = "Cure Scoliosis";
				INFOPLIST_KEY_LSApplicationCategoryType = "public.app-category.medical";
				INFOPLIST_KEY_NSHumanReadableCopyright = "";
				LD_RUNPATH_SEARCH_PATHS = (
					"$(inherited)",
					"@executable_path/../Frameworks",
				);
				MACOSX_DEPLOYMENT_TARGET = 12.0;
				MARKETING_VERSION = 1.0;
				PRODUCT_BUNDLE_IDENTIFIER = com.wang01431.CureScoliosis;
				PRODUCT_NAME = "$(TARGET_NAME)";
				SWIFT_EMIT_LOC_STRINGS = YES;
				SWIFT_VERSION = 5.0;
			};
			name = Debug;
		};
		5DC80E542B91FE6D009F4956 /* Release */ = {
			isa = XCBuildConfiguration;
			buildSettings = {
				ASSETCATALOG_COMPILER_APPICON_NAME = AppIcon;
				ASSETCATALOG_COMPILER_GLOBAL_ACCENT_COLOR_NAME = AccentColor;
				CODE_SIGN_ENTITLEMENTS = CureScoliosis/CureScoliosis.entitlements;
				CODE_SIGN_STYLE = Automatic;
				COMBINE_HIDPI_IMAGES = YES;
				CURRENT_PROJECT_VERSION = 1;
				DEVELOPMENT_ASSET_PATHS = "\"CureScoliosis/Preview Content\"";
				DEVELOPMENT_TEAM = ZGWU626W6D;
				ENABLE_HARDENED_RUNTIME = YES;
				ENABLE_PREVIEWS = YES;
				GENERATE_INFOPLIST_FILE = YES;
				INFOPLIST_FILE = CureScoliosis/Info.plist;
				INFOPLIST_KEY_CFBundleDisplayName = "Cure Scoliosis";
				INFOPLIST_KEY_LSApplicationCategoryType = "public.app-category.medical";
				INFOPLIST_KEY_NSHumanReadableCopyright = "";
				LD_RUNPATH_SEARCH_PATHS = (
					"$(inherited)",
					"@executable_path/../Frameworks",
				);
				MACOSX_DEPLOYMENT_TARGET = 12.0;
				MARKETING_VERSION = 1.0;
				PRODUCT_BUNDLE_IDENTIFIER = com.wang01431.CureScoliosis;
				PRODUCT_NAME = "$(TARGET_NAME)";
				SWIFT_EMIT_LOC_STRINGS = YES;
				SWIFT_VERSION = 5.0;
			};
			name = Release;
		};
/* End XCBuildConfiguration section */

/* Begin XCConfigurationList section */
		5DC80E3E2B91FE65009F4956 /* Build configuration list for PBXProject "CureScoliosis" */ = {
			isa = XCConfigurationList;
			buildConfigurations = (
				5DC80E502B91FE6D009F4956 /* Debug */,
				5DC80E512B91FE6D009F4956 /* Release */,
			);
			defaultConfigurationIsVisible = 0;
			defaultConfigurationName = Release;
		};
		5DC80E522B91FE6D009F4956 /* Build configuration list for PBXNativeTarget "CureScoliosis" */ = {
			isa = XCConfigurationList;
			buildConfigurations = (
				5DC80E532B91FE6D009F4956 /* Debug */,
				5DC80E542B91FE6D009F4956 /* Release */,
			);
			defaultConfigurationIsVisible = 0;
			defaultConfigurationName = Release;
		};
/* End XCConfigurationList section */
	};
	rootObject = 5DC80E3B2B91FE65009F4956 /* Project object */;
}
